
Microsoft Visual Studio Solution File, Format Version 12.00
# Visual Studio Version 17
VisualStudioVersion = 17.14.36915.13 d17.14
MinimumVisualStudioVersion = 10.0.40219.1
Project("{8BC9CEB8-8B4A-11D0-8D11-00A0C91BC942}") = "Bank_OOP", "Bank_OOP.vcxproj", "{B73AB6AC-F99B-4437-81DE-D8BD50CE27EF}"
EndProject
Global
	GlobalSection(SolutionConfigurationPlatforms) = preSolution
		Debug|x64 = Debug|x64
		Debug|x86 = Debug|x86
		Release|x64 = Release|x64
		Release|x86 = Release|x86
	EndGlobalSection
	GlobalSection(ProjectConfigurationPlatforms) = postSolution
		{B73AB6AC-F99B-4437-81DE-D8BD50CE27EF}.Debug|x64.ActiveCfg = Debug|x64
		{B73AB6AC-F99B-4437-81DE-D8BD50CE27EF}.Debug|x64.Build.0 = Debug|x64
		{B73AB6AC-F99B-4437-81DE-D8BD50CE27EF}.Debug|x86.ActiveCfg = Debug|Win32
		{B73AB6AC-F99B-4437-81DE-D8BD50CE27EF}.Debug|x86.Build.0 = Debug|Win32
		{B73AB6AC-F99B-4437-81DE-D8BD50CE27EF}.Release|x64.ActiveCfg = Release|x64
		{B73AB6AC-F99B-4437-81DE-D8BD50CE27EF}.Release|x64.Build.0 = Release|x64
		{B73AB6AC-F99B-4437-81DE-D8BD50CE27EF}.Release|x86.ActiveCfg = Release|Win32
		{B73AB6AC-F99B-4437-81DE-D8BD50CE27EF}.Release|x86.Build.0 = Release|Win32
	EndGlobalSection
	GlobalSection(SolutionProperties) = preSolution
		HideSolutionNode = FALSE
	EndGlobalSection
	GlobalSection(ExtensibilityGlobals) = postSolution
		SolutionGuid = {110EA834-CD45-41F6-BAF7-129927952416}
	EndGlobalSection
EndGlobal
